lockfileVersion: 5.3

specifiers:
  '@fortawesome/fontawesome-free': ^5.15.4
  '@types/angular': ^1.8.3
  '@types/node': ^16.11.11
  '@types/streamsaver': ^2.0.1
  '@vitejs/plugin-legacy': ^1.6.3
  angular: ^1.8.2
  cbor-x: ^0.9.4
  jspanel4: ^4.13.0
  mini.css: ^3.0.1
  msgpackr: ^1.5.1
  planck-js: ^0.3.31
  streamsaver: ^2.0.5
  typescript: ^4.5.2
  uplot: ^1.6.17
  vite: ^2.6.14

dependencies:
  '@fortawesome/fontawesome-free': 5.15.4
  angular: 1.8.2
  cbor-x: 0.9.4
  jspanel4: 4.13.0
  mini.css: 3.0.1
  msgpackr: 1.5.1
  planck-js: 0.3.31
  streamsaver: 2.0.5
  uplot: 1.6.17

devDependencies:
  '@types/angular': 1.8.3
  '@types/node': 16.11.11
  '@types/streamsaver': 2.0.1
  '@vitejs/plugin-legacy': 1.6.3_vite@2.6.14
  typescript: 4.5.2
  vite: 2.6.14

packages:

  /@babel/standalone/7.16.4:
    resolution: {integrity: sha512-FDRLwjeQfPm5jaHNuB+vwNyGCp24Ah3kEsbLzKmh0eSru+QCr4DmjgbRPoz71AwXLVtXU+l/i7MlVlIj5XO7Gw==}
    engines: {node: '>=6.9.0'}
    dev: true

  /@fortawesome/fontawesome-free/5.15.4:
    resolution: {integrity: sha512-eYm8vijH/hpzr/6/1CJ/V/Eb1xQFW2nnUKArb3z+yUWv7HTwj6M7SP957oMjfZjAHU6qpoNc2wQvIxBLWYa/Jg==}
    engines: {node: '>=6'}
    requiresBuild: true
    dev: false

  /@types/angular/1.8.3:
    resolution: {integrity: sha512-vgc5Z+TD07DT7NEUjFm6XMp0kEbGXIa95XmOL5IiHXR9LdrJpcdDh3jl1nCuZbWyzFn5/1OqtMfomcnA1sUFXQ==}
    dev: true

  /@types/node/16.11.11:
    resolution: {integrity: sha512-KB0sixD67CeecHC33MYn+eYARkqTheIRNuu97y2XMjR7Wu3XibO1vaY6VBV6O/a89SPI81cEUIYT87UqUWlZNw==}
    dev: true

  /@types/streamsaver/2.0.1:
    resolution: {integrity: sha512-I49NtT8w6syBI3Zg3ixCyygTHoTVMY0z2TMRcTgccdIsVd2MwlKk7ITLHLsJtgchUHcOd7QEARG9h0ifcA6l2Q==}
    dev: true

  /@vitejs/plugin-legacy/1.6.3_vite@2.6.14:
    resolution: {integrity: sha512-YivdG6gT91/wjFL6woTwVRgK9KHrju8GwXwgv5FdfAVo0GK0FK4V+YEobmDKRcOMKXQ1U5awY5HqbPIsoJalKQ==}
    engines: {node: '>=12.0.0'}
    peerDependencies:
      vite: ^2.0.0
    dependencies:
      '@babel/standalone': 7.16.4
      core-js: 3.19.2
      magic-string: 0.25.7
      regenerator-runtime: 0.13.9
      systemjs: 6.11.0
      vite: 2.6.14
    dev: true

  /angular/1.8.2:
    resolution: {integrity: sha512-IauMOej2xEe7/7Ennahkbb5qd/HFADiNuLSESz9Q27inmi32zB0lnAsFeLEWcox3Gd1F6YhNd1CP7/9IukJ0Gw==}
    dev: false

  /cbor-extract/0.3.2:
    resolution: {integrity: sha512-euTSudP3MORNR9+DLDY6seMBZ5EA32CLdobmN5IjmU00zZDnim1zSZZAVrNubKfoBFhckDJFJXSx6zOLNbIYqw==}
    requiresBuild: true
    dependencies:
      nan: 2.15.0
      node-gyp-build: 4.3.0
    dev: false
    optional: true

  /cbor-x/0.9.4:
    resolution: {integrity: sha512-OfUuF9UvhI5MuaCAJ0Sp3LEdwAYyJS5cqYQBi5WBCJbgVxBUMIrRAScWypILG7+hMPUryPpZxIncE7F5T6C1mg==}
    optionalDependencies:
      cbor-extract: 0.3.2
    dev: false

  /core-js/3.19.2:
    resolution: {integrity: sha512-ciYCResnLIATSsXuXnIOH4CbdfgV+H1Ltg16hJFN7/v6OxqnFr/IFGeLacaZ+fHLAm0TBbXwNK9/DNBzBUrO/g==}
    requiresBuild: true
    dev: true

  /esbuild-android-arm64/0.13.10:
    resolution: {integrity: sha512-1sCdVAq64yMp2Uhlu+97/enFxpmrj31QHtThz7K+/QGjbHa7JZdBdBsZCzWJuntKHZ+EU178tHYkvjaI9z5sGg==}
    cpu: [arm64]
    os: [android]
    requiresBuild: true
    dev: true
    optional: true

  /esbuild-darwin-64/0.13.10:
    resolution: {integrity: sha512-XlL+BYZ2h9cz3opHfFgSHGA+iy/mljBFIRU9q++f9SiBXEZTb4gTW/IENAD1l9oKH0FdO9rUpyAfV+lM4uAxrg==}
    cpu: [x64]
    os: [darwin]
    requiresBuild: true
    dev: true
    optional: true

  /esbuild-darwin-arm64/0.13.10:
    resolution: {integrity: sha512-RZMMqMTyActMrXKkW71IQO8B0tyQm0Bm+ZJQWNaHJchL5LlqazJi7rriwSocP+sKLszHhsyTEBBh6qPdw5g5yQ==}
    cpu: [arm64]
    os: [darwin]
    requiresBuild: true
    dev: true
    optional: true

  /esbuild-freebsd-64/0.13.10:
    resolution: {integrity: sha512-pf4BEN9reF3jvZEZdxljVgOv5JS4kuYFCI78xk+2HWustbLvTP0b9XXfWI/OD0ZLWbyLYZYIA+VbVe4tdAklig==}
    cpu: [x64]
    os: [freebsd]
    requiresBuild: true
    dev: true
    optional: true

  /esbuild-freebsd-arm64/0.13.10:
    resolution: {integrity: sha512-j9PUcuNWmlxr4/ry4dK/s6zKh42Jhh/N5qnAAj7tx3gMbkIHW0JBoVSbbgp97p88X9xgKbXx4lG2sJDhDWmsYQ==}
    cpu: [arm64]
    os: [freebsd]
    requiresBuild: true
    dev: true
    optional: true

  /esbuild-linux-32/0.13.10:
    resolution: {integrity: sha512-imtdHG5ru0xUUXuc2ofdtyw0fWlHYXV7JjF7oZHgmn0b+B4o4Nr6ZON3xxoo1IP8wIekW+7b9exIf/MYq0QV7w==}
    cpu: [ia32]
    os: [linux]
    requiresBuild: true
    dev: true
    optional: true

  /esbuild-linux-64/0.13.10:
    resolution: {integrity: sha512-O7fzQIH2e7GC98dvoTH0rad5BVLm9yU3cRWfEmryCEIFTwbNEWCEWOfsePuoGOHRtSwoVY1hPc21CJE4/9rWxQ==}
    cpu: [x64]
    os: [linux]
    requiresBuild: true
    dev: true
    optional: true

  /esbuild-linux-arm/0.13.10:
    resolution: {integrity: sha512-R2Jij4A0K8BcmBehvQeUteQEcf24Y2YZ6mizlNFuJOBPxe3vZNmkZ4mCE7Pf1tbcqA65qZx8J3WSHeGJl9EsJA==}
    cpu: [arm]
    os: [linux]
    requiresBuild: true
    dev: true
    optional: true

  /esbuild-linux-arm64/0.13.10:
    resolution: {integrity: sha512-bkGxN67S2n0PF4zhh87/92kBTsH2xXLuH6T5omReKhpXdJZF5SVDSk5XU/nngARzE+e6QK6isK060Dr5uobzNw==}
    cpu: [arm64]
    os: [linux]
    requiresBuild: true
    dev: true
    optional: true

  /esbuild-linux-mips64le/0.13.10:
    resolution: {integrity: sha512-UDNO5snJYOLWrA2uOUxM/PVbzzh2TR7Zf2i8zCCuFlYgvAb/81XO+Tasp3YAElDpp4VGqqcpBXLtofa9nrnJGA==}
    cpu: [mips64el]
    os: [linux]
    requiresBuild: true
    dev: true
    optional: true

  /esbuild-linux-ppc64le/0.13.10:
    resolution: {integrity: sha512-xu6J9rMWu1TcEGuEmoc8gsTrJCEPsf+QtxK4IiUZNde9r4Q4nlRVah4JVZP3hJapZgZJcxsse0XiKXh1UFdOeA==}
    cpu: [ppc64]
    os: [linux]
    requiresBuild: true
    dev: true
    optional: true

  /esbuild-netbsd-64/0.13.10:
    resolution: {integrity: sha512-d+Gr0ScMC2J83Bfx/ZvJHK0UAEMncctwgjRth9d4zppYGLk/xMfFKxv5z1ib8yZpQThafq8aPm8AqmFIJrEesw==}
    cpu: [x64]
    os: [netbsd]
    requiresBuild: true
    dev: true
    optional: true

  /esbuild-openbsd-64/0.13.10:
    resolution: {integrity: sha512-OuCYc+bNKumBvxflga+nFzZvxsgmWQW+z4rMGIjM5XIW0nNbGgRc5p/0PSDv0rTdxAmwCpV69fezal0xjrDaaA==}
    cpu: [x64]
    os: [openbsd]
    requiresBuild: true
    dev: true
    optional: true

  /esbuild-sunos-64/0.13.10:
    resolution: {integrity: sha512-gUkgivZK11bD56wDoLsnYrsOHD/zHzzLSdqKcIl3wRMulfHpRBpoX8gL0dbWr+8N9c+1HDdbNdvxSRmZ4RCVwg==}
    cpu: [x64]
    os: [sunos]
    requiresBuild: true
    dev: true
    optional: true

  /esbuild-windows-32/0.13.10:
    resolution: {integrity: sha512-C1xJ54E56dGWRaYcTnRy7amVZ9n1/D/D2/qVw7e5EtS7p+Fv/yZxxgqyb1hMGKXgtFYX4jMpU5eWBF/AsYrn+A==}
    cpu: [ia32]
    os: [win32]
    requiresBuild: true
    dev: true
    optional: true

  /esbuild-windows-64/0.13.10:
    resolution: {integrity: sha512-6+EXEXopEs3SvPFAHcps2Krp/FvqXXsOQV33cInmyilb0ZBEQew4MIoZtMIyB3YXoV6//dl3i6YbPrFZaWEinQ==}
    cpu: [x64]
    os: [win32]
    requiresBuild: true
    dev: true
    optional: true

  /esbuild-windows-arm64/0.13.10:
    resolution: {integrity: sha512-xTqM/XKhORo6u9S5I0dNJWEdWoemFjogLUTVLkQMVyUV3ZuMChahVA+bCqKHdyX55pCFxD/8v2fm3/sfFMWN+g==}
    cpu: [arm64]
    os: [win32]
    requiresBuild: true
    dev: true
    optional: true

  /esbuild/0.13.10:
    resolution: {integrity: sha512-0NfCsnAh5XatHIx6Cu93wpR2v6opPoOMxONYhaAoZKzGYqAE+INcDeX2wqMdcndvPQdWCuuCmvlnsh0zmbHcSQ==}
    hasBin: true
    requiresBuild: true
    optionalDependencies:
      esbuild-android-arm64: 0.13.10
      esbuild-darwin-64: 0.13.10
      esbuild-darwin-arm64: 0.13.10
      esbuild-freebsd-64: 0.13.10
      esbuild-freebsd-arm64: 0.13.10
      esbuild-linux-32: 0.13.10
      esbuild-linux-64: 0.13.10
      esbuild-linux-arm: 0.13.10
      esbuild-linux-arm64: 0.13.10
      esbuild-linux-mips64le: 0.13.10
      esbuild-linux-ppc64le: 0.13.10
      esbuild-netbsd-64: 0.13.10
      esbuild-openbsd-64: 0.13.10
      esbuild-sunos-64: 0.13.10
      esbuild-windows-32: 0.13.10
      esbuild-windows-64: 0.13.10
      esbuild-windows-arm64: 0.13.10
    dev: true

  /fsevents/2.3.2:
    resolution: {integrity: sha512-xiqMQR4xAeHTuB9uWm+fFRcIOgKBMiOBP+eXiyT7jsgVCq1bkVygt00oASowB7EdtpOHaaPgKt812P9ab+DDKA==}
    engines: {node: ^8.16.0 || ^10.6.0 || >=11.0.0}
    os: [darwin]
    requiresBuild: true
    dev: true
    optional: true

  /function-bind/1.1.1:
    resolution: {integrity: sha512-yIovAzMX49sF8Yl58fSCWJ5svSLuaibPxXQJFLmBObTuCr0Mf1KiPopGM9NiFjiYBCbfaa2Fh6breQ6ANVTI0A==}
    dev: true

  /has/1.0.3:
    resolution: {integrity: sha512-f2dvO0VU6Oej7RkWJGrehjbzMAjFp5/VKPp5tTpWIV4JHHZK1/BxbFRtf/siA2SWTe09caDmVtYYzWEIbBS4zw==}
    engines: {node: '>= 0.4.0'}
    dependencies:
      function-bind: 1.1.1
    dev: true

  /is-core-module/2.8.0:
    resolution: {integrity: sha512-vd15qHsaqrRL7dtH6QNuy0ndJmRDrS9HAM1CAiSifNUFv4x1a0CCVsj18hJ1mShxIG6T2i1sO78MkP56r0nYRw==}
    dependencies:
      has: 1.0.3
    dev: true

  /jspanel4/4.13.0:
    resolution: {integrity: sha512-RFgAqR+TLI7EMHXDdzSgxScNrTQ3dK47omZ4Tt50Xfz3T5cy/xXMcpmYxwuTf1OjYvVm2Tsat8Lx7jT3cwfFwg==}
    dev: false

  /magic-string/0.25.7:
    resolution: {integrity: sha512-4CrMT5DOHTDk4HYDlzmwu4FVCcIYI8gauveasrdCu2IKIFOJ3f0v/8MDGJCDL9oD2ppz/Av1b0Nj345H9M+XIA==}
    dependencies:
      sourcemap-codec: 1.4.8
    dev: true

  /mini.css/3.0.1:
    resolution: {integrity: sha512-FmuuBL0wuyDO1UA66TkAo8w2RxxuHmNPaUqUHcYlHtM9CJkrscQaNAJ/ParEahYFwtZOSgfEA7flbMoSPkzrPA==}
    dev: false

  /msgpackr-extract/1.0.15:
    resolution: {integrity: sha512-vgJgzFva0/4/mt84wXf3CRCDPHKqiqk5t7/kVSjk/V2IvwSjoStHhxyq/b2+VrWcch3sxiNQOJEWXgI86Fm7AQ==}
    requiresBuild: true
    dependencies:
      nan: 2.15.0
      node-gyp-build: 4.3.0
    dev: false
    optional: true

  /msgpackr/1.5.1:
    resolution: {integrity: sha512-I1CXFG8BYYSeIhtDlHpUVMsdDiyvP9JAh1d9QoBnkPx3ETPeH/1lR14hweM9GETs09wCWlaOyhtXxIc9boxAAA==}
    optionalDependencies:
      msgpackr-extract: 1.0.15
    dev: false

  /nan/2.15.0:
    resolution: {integrity: sha512-8ZtvEnA2c5aYCZYd1cvgdnU6cqwixRoYg70xPLWUws5ORTa/lnw+u4amixRS/Ac5U5mQVgp9pnlSUnbNWFaWZQ==}
    dev: false
    optional: true

  /nanoid/3.1.30:
    resolution: {integrity: sha512-zJpuPDwOv8D2zq2WRoMe1HsfZthVewpel9CAvTfc/2mBD1uUT/agc5f7GHGWXlYkFvi1mVxe4IjvP2HNrop7nQ==}
    engines: {node: ^10 || ^12 || ^13.7 || ^14 || >=15.0.1}
    hasBin: true
    dev: true

  /node-gyp-build/4.3.0:
    resolution: {integrity: sha512-iWjXZvmboq0ja1pUGULQBexmxq8CV4xBhX7VDOTbL7ZR4FOowwY/VOtRxBN/yKxmdGoIp4j5ysNT4u3S2pDQ3Q==}
    hasBin: true
    dev: false
    optional: true

  /path-parse/1.0.7:
    resolution: {integrity: sha512-LDJzPVEEEPR+y48z93A0Ed0yXb8pAByGWo/k5YYdYgpY2/2EsOsksJrq7lOHxryrVOn1ejG6oAp8ahvOIQD8sw==}
    dev: true

  /picocolors/1.0.0:
    resolution: {integrity: sha512-1fygroTLlHu66zi26VoTDv8yRgm0Fccecssto+MhsZ0D/DGW2sm8E8AjW7NU5VVTRt5GxbeZ5qBuJr+HyLYkjQ==}
    dev: true

  /planck-js/0.3.31:
    resolution: {integrity: sha512-fwKYnL92pF2nXdMPeBq/Aipu+m8LztcEcNjdcrQm/sWKDR01Ej0g121KS1oO7NW23WnRzxw24a7V4KI2JlFpSg==}
    dependencies:
      stage-js: 0.9.4
    dev: false

  /postcss/8.3.11:
    resolution: {integrity: sha512-hCmlUAIlUiav8Xdqw3Io4LcpA1DOt7h3LSTAC4G6JGHFFaWzI6qvFt9oilvl8BmkbBRX1IhM90ZAmpk68zccQA==}
    engines: {node: ^10 || ^12 || >=14}
    dependencies:
      nanoid: 3.1.30
      picocolors: 1.0.0
      source-map-js: 0.6.2
    dev: true

  /regenerator-runtime/0.13.9:
    resolution: {integrity: sha512-p3VT+cOEgxFsRRA9X4lkI1E+k2/CtnKtU4gcxyaCUreilL/vqI6CdZ3wxVUx3UOUg+gnUOQQcRI7BmSI656MYA==}
    dev: true

  /resolve/1.20.0:
    resolution: {integrity: sha512-wENBPt4ySzg4ybFQW2TT1zMQucPK95HSh/nq2CFTZVOGut2+pQvSsgtda4d26YrYcr067wjbmzOG8byDPBX63A==}
    dependencies:
      is-core-module: 2.8.0
      path-parse: 1.0.7
    dev: true

  /rollup/2.58.3:
    resolution: {integrity: sha512-ei27MSw1KhRur4p87Q0/Va2NAYqMXOX++FNEumMBcdreIRLURKy+cE2wcDJKBn0nfmhP2ZGrJkP1XPO+G8FJQw==}
    engines: {node: '>=10.0.0'}
    hasBin: true
    optionalDependencies:
      fsevents: 2.3.2
    dev: true

  /source-map-js/0.6.2:
    resolution: {integrity: sha512-/3GptzWzu0+0MBQFrDKzw/DvvMTUORvgY6k6jd/VS6iCR4RDTKWH6v6WPwQoUO8667uQEf9Oe38DxAYWY5F/Ug==}
    engines: {node: '>=0.10.0'}
    dev: true

  /sourcemap-codec/1.4.8:
    resolution: {integrity: sha512-9NykojV5Uih4lgo5So5dtw+f0JgJX30KCNI8gwhz2J9A15wD0Ml6tjHKwf6fTSa6fAdVBdZeNOs9eJ71qCk8vA==}
    dev: true

  /stage-js/0.9.4:
    resolution: {integrity: sha512-fNN6rkYD55T4NUxJE71hixXYS9DoyHVX5S8sQcq5yiozX1kqHP/wnByZwFfdAGNZjb5rROJ90zwb0EbM9U2Jqg==}
    dev: false

  /streamsaver/2.0.5:
    resolution: {integrity: sha512-KIWtBvi8A6FiFZGNSyuIZRZM6C8AvnWTiCx/TYa7so420vC5sQwcBKkdqInuGWoWMfeWy/P+/cRqMtWVf4RW9w==}
    dev: false

  /systemjs/6.11.0:
    resolution: {integrity: sha512-7YPIY44j+BoY+E6cGBSw0oCU8SNTTIHKZgftcBdwWkDzs/M86Fdlr21FrzAyph7Zo8r3CFGscyFe4rrBtixrBg==}
    dev: true

  /typescript/4.5.2:
    resolution: {integrity: sha512-5BlMof9H1yGt0P8/WF+wPNw6GfctgGjXp5hkblpyT+8rkASSmkUKMXrxR0Xg8ThVCi/JnHQiKXeBaEwCeQwMFw==}
    engines: {node: '>=4.2.0'}
    hasBin: true
    dev: true

  /uplot/1.6.17:
    resolution: {integrity: sha512-WHNHvDCXURn+Qwb3QUUzP6rOxx+3kUZUspREyhkqmXCxFIND99l5z9intTh+uPEt+/EEu7lCaMjSd1uTfuTXfg==}
    dev: false

  /vite/2.6.14:
    resolution: {integrity: sha512-2HA9xGyi+EhY2MXo0+A2dRsqsAG3eFNEVIo12olkWhOmc8LfiM+eMdrXf+Ruje9gdXgvSqjLI9freec1RUM5EA==}
    engines: {node: '>=12.2.0'}
    hasBin: true
    peerDependencies:
      less: '*'
      sass: '*'
      stylus: '*'
    peerDependenciesMeta:
      less:
        optional: true
      sass:
        optional: true
      stylus:
        optional: true
    dependencies:
      esbuild: 0.13.10
      postcss: 8.3.11
      resolve: 1.20.0
      rollup: 2.58.3
    optionalDependencies:
      fsevents: 2.3.2
    dev: true
